
Microsoft Visual Studio Solution File, Format Version 12.00
# Visual Studio Version 17
VisualStudioVersion = 17.7.34221.43
MinimumVisualStudioVersion = 10.0.40219.1
Project("{8BC9CEB8-8B4A-11D0-8D11-00A0C91BC942}") = "SL", "Libraries\Libraries.vcxproj", "{EF827E49-0FCF-43F4-A1C6-D61F0E8124BB}"
EndProject
Project("{8BC9CEB8-8B4A-11D0-8D11-00A0C91BC942}") = "DL", "DL\DL.vcxproj", "{B05C9BC3-65CF-4D31-9715-59AAD349C563}"
EndProject
Project("{8BC9CEB8-8B4A-11D0-8D11-00A0C91BC942}") = "TEST", "TEST\TEST.vcxproj", "{DDEC5B4B-90DE-4A38-9814-5AD23C050D9D}"
EndProject
Global
	GlobalSection(SolutionConfigurationPlatforms) = preSolution
		Debug|x64 = Debug|x64
		Debug|x86 = Debug|x86
		Release|x64 = Release|x64
		Release|x86 = Release|x86
	EndGlobalSection
	GlobalSection(ProjectConfigurationPlatforms) = postSolution
		{EF827E49-0FCF-43F4-A1C6-D61F0E8124BB}.Debug|x64.ActiveCfg = Debug|x64
		{EF827E49-0FCF-43F4-A1C6-D61F0E8124BB}.Debug|x64.Build.0 = Debug|x64
		{EF827E49-0FCF-43F4-A1C6-D61F0E8124BB}.Debug|x86.ActiveCfg = Debug|Win32
		{EF827E49-0FCF-43F4-A1C6-D61F0E8124BB}.Debug|x86.Build.0 = Debug|Win32
		{EF827E49-0FCF-43F4-A1C6-D61F0E8124BB}.Release|x64.ActiveCfg = Release|x64
		{EF827E49-0FCF-43F4-A1C6-D61F0E8124BB}.Release|x64.Build.0 = Release|x64
		{EF827E49-0FCF-43F4-A1C6-D61F0E8124BB}.Release|x86.ActiveCfg = Release|Win32
		{EF827E49-0FCF-43F4-A1C6-D61F0E8124BB}.Release|x86.Build.0 = Release|Win32
		{B05C9BC3-65CF-4D31-9715-59AAD349C563}.Debug|x64.ActiveCfg = Debug|x64
		{B05C9BC3-65CF-4D31-9715-59AAD349C563}.Debug|x64.Build.0 = Debug|x64
		{B05C9BC3-65CF-4D31-9715-59AAD349C563}.Debug|x86.ActiveCfg = Debug|Win32
		{B05C9BC3-65CF-4D31-9715-59AAD349C563}.Debug|x86.Build.0 = Debug|Win32
		{B05C9BC3-65CF-4D31-9715-59AAD349C563}.Release|x64.ActiveCfg = Release|x64
		{B05C9BC3-65CF-4D31-9715-59AAD349C563}.Release|x64.Build.0 = Release|x64
		{B05C9BC3-65CF-4D31-9715-59AAD349C563}.Release|x86.ActiveCfg = Release|Win32
		{B05C9BC3-65CF-4D31-9715-59AAD349C563}.Release|x86.Build.0 = Release|Win32
		{DDEC5B4B-90DE-4A38-9814-5AD23C050D9D}.Debug|x64.ActiveCfg = Debug|x64
		{DDEC5B4B-90DE-4A38-9814-5AD23C050D9D}.Debug|x64.Build.0 = Debug|x64
		{DDEC5B4B-90DE-4A38-9814-5AD23C050D9D}.Debug|x86.ActiveCfg = Debug|Win32
		{DDEC5B4B-90DE-4A38-9814-5AD23C050D9D}.Debug|x86.Build.0 = Debug|Win32
		{DDEC5B4B-90DE-4A38-9814-5AD23C050D9D}.Release|x64.ActiveCfg = Release|x64
		{DDEC5B4B-90DE-4A38-9814-5AD23C050D9D}.Release|x64.Build.0 = Release|x64
		{DDEC5B4B-90DE-4A38-9814-5AD23C050D9D}.Release|x86.ActiveCfg = Release|Win32
		{DDEC5B4B-90DE-4A38-9814-5AD23C050D9D}.Release|x86.Build.0 = Release|Win32
	EndGlobalSection
	GlobalSection(SolutionProperties) = preSolution
		HideSolutionNode = FALSE
	EndGlobalSection
	GlobalSection(ExtensibilityGlobals) = postSolution
		SolutionGuid = {17EE4030-97B6-4902-B69D-87CF7F7E0E8F}
	EndGlobalSection
EndGlobal
